Microsoft Visual Studio Solution File, Format Version 12.00
# Visual Studio Version 17
VisualStudioVersion = 17.5.2.0
MinimumVisualStudioVersion = 10.0.40219.1
Project("{FAE04EC0-301F-11D3-BF4B-00C04F79EFBC}") = "SleepJournal", "SleepJournal\SleepJournal.csproj", "{496D2AB8-1276-ECDD-B889-046BA827BF15}"
EndProject
Global
	GlobalSection(SolutionConfigurationPlatforms) = preSolution
		Debug|Any CPU = Debug|Any CPU
		Release|Any CPU = Release|Any CPU
	EndGlobalSection
	GlobalSection(ProjectConfigurationPlatforms) = postSolution
		{496D2AB8-1276-ECDD-B889-046BA827BF15}.Debug|Any CPU.ActiveCfg = Debug|Any CPU
		{496D2AB8-1276-ECDD-B889-046BA827BF15}.Debug|Any CPU.Build.0 = Debug|Any CPU
		{496D2AB8-1276-ECDD-B889-046BA827BF15}.Release|Any CPU.ActiveCfg = Release|Any CPU
		{496D2AB8-1276-ECDD-B889-046BA827BF15}.Release|Any CPU.Build.0 = Release|Any CPU
	EndGlobalSection
	GlobalSection(SolutionProperties) = preSolution
		HideSolutionNode = FALSE
	EndGlobalSection
	GlobalSection(ExtensibilityGlobals) = postSolution
		SolutionGuid = {9B602951-5082-48A2-99F5-C15CB4F22957}
	EndGlobalSection
EndGlobal
